
Microsoft Visual Studio Solution File, Format Version 12.00
# Visual Studio Version 16
VisualStudioVersion = 16.0.35130.168
MinimumVisualStudioVersion = 10.0.40219.1
Project("{FAE04EC0-301F-11D3-BF4B-00C04F79EFBC}") = "PokemonWeb", "PokemonWeb\PokemonWeb.csproj", "{BAF8B59D-72BD-4A99-9F2A-A4F055168F08}"
EndProject
Global
	GlobalSection(SolutionConfigurationPlatforms) = preSolution
		Debug|Any CPU = Debug|Any CPU
		Release|Any CPU = Release|Any CPU
	EndGlobalSection
	GlobalSection(ProjectConfigurationPlatforms) = postSolution
		{BAF8B59D-72BD-4A99-9F2A-A4F055168F08}.Debug|Any CPU.ActiveCfg = Debug|Any CPU
		{BAF8B59D-72BD-4A99-9F2A-A4F055168F08}.Debug|Any CPU.Build.0 = Debug|Any CPU
		{BAF8B59D-72BD-4A99-9F2A-A4F055168F08}.Release|Any CPU.ActiveCfg = Release|Any CPU
		{BAF8B59D-72BD-4A99-9F2A-A4F055168F08}.Release|Any CPU.Build.0 = Release|Any CPU
	EndGlobalSection
	GlobalSection(SolutionProperties) = preSolution
		HideSolutionNode = FALSE
	EndGlobalSection
	GlobalSection(ExtensibilityGlobals) = postSolution
		SolutionGuid = {01125D17-6807-4693-BF6A-15AFDB84730B}
	EndGlobalSection
EndGlobal
